
Microsoft Visual Studio Solution File, Format Version 12.00
# Visual Studio Version 16
VisualStudioVersion = 16.0.30204.135
MinimumVisualStudioVersion = 10.0.40219.1
Project("{FAE04EC0-301F-11D3-BF4B-00C04F79EFBC}") = "NewWeb", "NewWeb.csproj", "{717F0325-8A89-48D1-8CC5-5B4E329B83BC}"
EndProject
Global
	GlobalSection(SolutionConfigurationPlatforms) = preSolution
		Debug|Any CPU = Debug|Any CPU
		Release|Any CPU = Release|Any CPU
	EndGlobalSection
	GlobalSection(ProjectConfigurationPlatforms) = postSolution
		{717F0325-8A89-48D1-8CC5-5B4E329B83BC}.Debug|Any CPU.ActiveCfg = Debug|Any CPU
		{717F0325-8A89-48D1-8CC5-5B4E329B83BC}.Debug|Any CPU.Build.0 = Debug|Any CPU
		{717F0325-8A89-48D1-8CC5-5B4E329B83BC}.Release|Any CPU.ActiveCfg = Release|Any CPU
		{717F0325-8A89-48D1-8CC5-5B4E329B83BC}.Release|Any CPU.Build.0 = Release|Any CPU
	EndGlobalSection
	GlobalSection(SolutionProperties) = preSolution
		HideSolutionNode = FALSE
	EndGlobalSection
	GlobalSection(ExtensibilityGlobals) = postSolution
		SolutionGuid = {479E19C7-1403-4E43-B75D-D4B9666542B7}
	EndGlobalSection
EndGlobal
